
Microsoft Visual Studio Solution File, Format Version 12.00
# Visual Studio 15
VisualStudioVersion = 15.0.28307.168
MinimumVisualStudioVersion = 10.0.40219.1
Project("{FAE04EC0-301F-11D3-BF4B-00C04F79EFBC}") = "WEEk5", "WEEk5\WEEk5.csproj", "{2A37BD7C-8D1C-4803-8779-E7262ACDAE8F}"
EndProject
Global
	GlobalSection(SolutionConfigurationPlatforms) = preSolution
		Debug|Any CPU = Debug|Any CPU
		Release|Any CPU = Release|Any CPU
	EndGlobalSection
	GlobalSection(ProjectConfigurationPlatforms) = postSolution
		{2A37BD7C-8D1C-4803-8779-E7262ACDAE8F}.Debug|Any CPU.ActiveCfg = Debug|Any CPU
		{2A37BD7C-8D1C-4803-8779-E7262ACDAE8F}.Debug|Any CPU.Build.0 = Debug|Any CPU
		{2A37BD7C-8D1C-4803-8779-E7262ACDAE8F}.Release|Any CPU.ActiveCfg = Release|Any CPU
		{2A37BD7C-8D1C-4803-8779-E7262ACDAE8F}.Release|Any CPU.Build.0 = Release|Any CPU
	EndGlobalSection
	GlobalSection(SolutionProperties) = preSolution
		HideSolutionNode = FALSE
	EndGlobalSection
	GlobalSection(ExtensibilityGlobals) = postSolution
		SolutionGuid = {C86B1F30-88D1-413E-BECB-0F77216862B7}
	EndGlobalSection
EndGlobal
