
Microsoft Visual Studio Solution File, Format Version 12.00
# Visual Studio 15
VisualStudioVersion = 15.0.28307.168
MinimumVisualStudioVersion = 10.0.40219.1
Project("{FAE04EC0-301F-11D3-BF4B-00C04F79EFBC}") = "c0727100week05", "c0727100week05\c0727100week05.csproj", "{231BDEAF-069F-47D0-B6C7-3E5E299786A0}"
EndProject
Global
	GlobalSection(SolutionConfigurationPlatforms) = preSolution
		Debug|Any CPU = Debug|Any CPU
		Release|Any CPU = Release|Any CPU
	EndGlobalSection
	GlobalSection(ProjectConfigurationPlatforms) = postSolution
		{231BDEAF-069F-47D0-B6C7-3E5E299786A0}.Debug|Any CPU.ActiveCfg = Debug|Any CPU
		{231BDEAF-069F-47D0-B6C7-3E5E299786A0}.Debug|Any CPU.Build.0 = Debug|Any CPU
		{231BDEAF-069F-47D0-B6C7-3E5E299786A0}.Release|Any CPU.ActiveCfg = Release|Any CPU
		{231BDEAF-069F-47D0-B6C7-3E5E299786A0}.Release|Any CPU.Build.0 = Release|Any CPU
	EndGlobalSection
	GlobalSection(SolutionProperties) = preSolution
		HideSolutionNode = FALSE
	EndGlobalSection
	GlobalSection(ExtensibilityGlobals) = postSolution
		SolutionGuid = {7A80ADFD-1A6D-4FC7-BAF3-50AFB2DD52ED}
	EndGlobalSection
EndGlobal
